// !$*UTF8*$!
{
	archiveVersion = 1;
	classes = {
	};
	objectVersion = 50;
	objects = {

/* Begin PBXBuildFile section */
		630E6D492510B3CB00D08E34 /* AppDelegate.swift in Sources */ = {isa = PBXBuildFile; fileRef = 630E6D482510B3CB00D08E34 /* AppDelegate.swift */; };
		630E6D4B2510B3CB00D08E34 /* SceneDelegate.swift in Sources */ = {isa = PBXBuildFile; fileRef = 630E6D4A2510B3CB00D08E34 /* SceneDelegate.swift */; };
		630E6D4D2510B3CB00D08E34 /* ViewController.swift in Sources */ = {isa = PBXBuildFile; fileRef = 630E6D4C2510B3CB00D08E34 /* ViewController.swift */; };
		630E6D502510B3CB00D08E34 /* Main.storyboard in Resources */ = {isa = PBXBuildFile; fileRef = 630E6D4E2510B3CB00D08E34 /* Main.storyboard */; };
		630E6D522510B3CD00D08E34 /* Assets.xcassets in Resources */ = {isa = PBXBuildFile; fileRef = 630E6D512510B3CD00D08E34 /* Assets.xcassets */; };
		630E6D552510B3CD00D08E34 /* LaunchScreen.storyboard in Resources */ = {isa = PBXBuildFile; fileRef = 630E6D532510B3CD00D08E34 /* LaunchScreen.storyboard */; };
/* End PBXBuildFile section */

/* Begin PBXFileReference section */
		630E6D452510B3CB00D08E34 /* ituDareGame.app */ = {isa = PBXFileReference; explicitFileType = wrapper.application; includeInIndex = 0; path = ituDareGame.app; sourceTree = BUILT_PRODUCTS_DIR; };
		630E6D482510B3CB00D08E34 /* AppDelegate.swift */ = {isa = PBXFileReference; lastKnownFileType = sourcecode.swift; path = AppDelegate.swift; sourceTree = "<group>"; };
		630E6D4A2510B3CB00D08E34 /* SceneDelegate.swift */ = {isa = PBXFileReference; lastKnownFileType = sourcecode.swift; path = SceneDelegate.swift; sourceTree = "<group>"; };
		630E6D4C2510B3CB00D08E34 /* ViewController.swift */ = {isa = PBXFileReference; lastKnownFileType = sourcecode.swift; path = ViewController.swift; sourceTree = "<group>"; };
		630E6D4F2510B3CB00D08E34 /* Base */ = {isa = PBXFileReference; lastKnownFileType = file.storyboard; name = Base; path = Base.lproj/Main.storyboard; sourceTree = "<group>"; };
		630E6D512510B3CD00D08E34 /* Assets.xcassets */ = {isa = PBXFileReference; lastKnownFileType = folder.assetcatalog; path = Assets.xcassets; sourceTree = "<group>"; };
		630E6D542510B3CD00D08E34 /* Base */ = {isa = PBXFileReference; lastKnownFileType = file.storyboard; name = Base; path = Base.lproj/LaunchScreen.storyboard; sourceTree = "<group>"; };
		630E6D562510B3CD00D08E34 /* Info.plist */ = {isa = PBXFileReference; lastKnownFileType = text.plist.xml; path = Info.plist; sourceTree = "<group>"; };
/* End PBXFileReference section */

/* Begin PBXFrameworksBuildPhase section */
		630E6D422510B3CB00D08E34 /* Frameworks */ = {
			isa = PBXFrameworksBuildPhase;
			buildActionMask = 2147483647;
			files = (
			);
			runOnlyForDeploymentPostprocessing = 0;
		};
/* End PBXFrameworksBuildPhase section */

/* Begin PBXGroup section */
		630E6D3C2510B3CB00D08E34 = {
			isa = PBXGroup;
			children = (
				630E6D472510B3CB00D08E34 /* ituDareGame */,
				630E6D462510B3CB00D08E34 /* Products */,
			);
			sourceTree = "<group>";
		};
		630E6D462510B3CB00D08E34 /* Products */ = {
			isa = PBXGroup;
			children = (
				630E6D452510B3CB00D08E34 /* ituDareGame.app */,
			);
			name = Products;
			sourceTree = "<group>";
		};
		630E6D472510B3CB00D08E34 /* ituDareGame */ = {
			isa = PBXGroup;
			children = (
				630E6D482510B3CB00D08E34 /* AppDelegate.swift */,
				630E6D4A2510B3CB00D08E34 /* SceneDelegate.swift */,
				630E6D4C2510B3CB00D08E34 /* ViewController.swift */,
				630E6D4E2510B3CB00D08E34 /* Main.storyboard */,
				630E6D512510B3CD00D08E34 /* Assets.xcassets */,
				630E6D532510B3CD00D08E34 /* LaunchScreen.storyboard */,
				630E6D562510B3CD00D08E34 /* Info.plist */,
			);
			path = ituDareGame;
			sourceTree = "<group>";
		};
/* End PBXGroup section */

/* Begin PBXNativeTarget section */
		630E6D442510B3CB00D08E34 /* ituDareGame */ = {
			isa = PBXNativeTarget;
			buildConfigurationList = 630E6D592510B3CD00D08E34 /* Build configuration list for PBXNativeTarget "ituDareGame" */;
			buildPhases = (
				630E6D412510B3CB00D08E34 /* Sources */,
				630E6D422510B3CB00D08E34 /* Frameworks */,
				630E6D432510B3CB00D08E34 /* Resources */,
			);
			buildRules = (
			);
			dependencies = (
			);
			name = ituDareGame;
			productName = ituDareGame;
			productReference = 630E6D452510B3CB00D08E34 /* ituDareGame.app */;
			productType = "com.apple.product-type.application";
		};
/* End PBXNativeTarget section */

/* Begin PBXProject section */
		630E6D3D2510B3CB00D08E34 /* Project object */ = {
			isa = PBXProject;
			attributes = {
				LastSwiftUpdateCheck = 1170;
				LastUpgradeCheck = 1170;
				ORGANIZATIONNAME = maya;
				TargetAttributes = {
					630E6D442510B3CB00D08E34 = {
						CreatedOnToolsVersion = 11.7;
					};
				};
			};
			buildConfigurationList = 630E6D402510B3CB00D08E34 /* Build configuration list for PBXProject "ituDareGame" */;
			compatibilityVersion = "Xcode 9.3";
			developmentRegion = en;
			hasScannedForEncodings = 0;
			knownRegions = (
				en,
				Base,
			);
			mainGroup = 630E6D3C2510B3CB00D08E34;
			productRefGroup = 630E6D462510B3CB00D08E34 /* Products */;
			projectDirPath = "";
			projectRoot = "";
			targets = (
				630E6D442510B3CB00D08E34 /* ituDareGame */,
			);
		};
/* End PBXProject section */

/* Begin PBXResourcesBuildPhase section */
		630E6D432510B3CB00D08E34 /* Resources */ = {
			isa = PBXResourcesBuildPhase;
			buildActionMask = 2147483647;
			files = (
				630E6D552510B3CD00D08E34 /* LaunchScreen.storyboard in Resources */,
				630E6D522510B3CD00D08E34 /* Assets.xcassets in Resources */,
				630E6D502510B3CB00D08E34 /* Main.storyboard in Resources */,
			);
			runOnlyForDeploymentPostprocessing = 0;
		};
/* End PBXResourcesBuildPhase section */

/* Begin PBXSourcesBuildPhase section */
		630E6D412510B3CB00D08E34 /* Sources */ = {
			isa = PBXSourcesBuildPhase;
			buildActionMask = 2147483647;
			files = (
				630E6D4D2510B3CB00D08E34 /* ViewController.swift in Sources */,
				630E6D492510B3CB00D08E34 /* AppDelegate.swift in Sources */,
				630E6D4B2510B3CB00D08E34 /* SceneDelegate.swift in Sources */,
			);
			runOnlyForDeploymentPostprocessing = 0;
		};
/* End PBXSourcesBuildPhase section */

/* Begin PBXVariantGroup section */
		630E6D4E2510B3CB00D08E34 /* Main.storyboard */ = {
			isa = PBXVariantGroup;
			children = (
				630E6D4F2510B3CB00D08E34 /* Base */,
			);
			name = Main.storyboard;
			sourceTree = "<group>";
		};
		630E6D532510B3CD00D08E34 /* LaunchScreen.storyboard */ = {
			isa = PBXVariantGroup;
			children = (
				630E6D542510B3CD00D08E34 /* Base */,
			);
			name = LaunchScreen.storyboard;
			sourceTree = "<group>";
		};
/* End PBXVariantGroup section */

/* Begin XCBuildConfiguration section */
		630E6D572510B3CD00D08E34 /* Debug */ = {
			isa = XCBuildConfiguration;
			buildSettings = {
				ALWAYS_SEARCH_USER_PATHS = NO;
				CLANG_ANALYZER_NONNULL = YES;
				CLANG_ANALYZER_NUMBER_OBJECT_CONVERSION = YES_AGGRESSIVE;
				CLANG_CXX_LANGUAGE_STANDARD = "gnu++14";
				CLANG_CXX_LIBRARY = "libc++";
				CLANG_ENABLE_MODULES = YES;
				CLANG_ENABLE_OBJC_ARC = YES;
				CLANG_ENABLE_OBJC_WEAK = YES;
				CLANG_WARN_BLOCK_CAPTURE_AUTORELEASING = YES;
				CLANG_WARN_BOOL_CONVERSION = YES;
				CLANG_WARN_COMMA = YES;
				CLANG_WARN_CONSTANT_CONVERSION = YES;
				CLANG_WARN_DEPRECATED_OBJC_IMPLEMENTATIONS = YES;
				CLANG_WARN_DIRECT_OBJC_ISA_USAGE = YES_ERROR;
				CLANG_WARN_DOCUMENTATION_COMMENTS = YES;
				CLANG_WARN_EMPTY_BODY = YES;
				CLANG_WARN_ENUM_CONVERSION = YES;
				CLANG_WARN_INFINITE_RECURSION = YES;
				CLANG_WARN_INT_CONVERSION = YES;
				CLANG_WARN_NON_LITERAL_NULL_CONVERSION = YES;
				CLANG_WARN_OBJC_IMPLICIT_RETAIN_SELF = YES;
				CLANG_WARN_OBJC_LITERAL_CONVERSION = YES;
				CLANG_WARN_OBJC_ROOT_CLASS = YES_ERROR;
				CLANG_WARN_RANGE_LOOP_ANALYSIS = YES;
				CLANG_WARN_STRICT_PROTOTYPES = YES;
				CLANG_WARN_SUSPICIOUS_MOVE = YES;
				CLANG_WARN_UNGUARDED_AVAILABILITY = YES_AGGRESSIVE;
				CLANG_WARN_UNREACHABLE_CODE = YES;
				CLANG_WARN__DUPLICATE_METHOD_MATCH = YES;
				COPY_PHASE_STRIP = NO;
				DEBUG_INFORMATION_FORMAT = dwarf;
				ENABLE_STRICT_OBJC_MSGSEND = YES;
				ENABLE_TESTABILITY = YES;
				GCC_C_LANGUAGE_STANDARD = gnu11;
				GCC_DYNAMIC_NO_PIC = NO;
				GCC_NO_COMMON_BLOCKS = YES;
				GCC_OPTIMIZATION_LEVEL = 0;
				GCC_PREPROCESSOR_DEFINITIONS = (
					"DEBUG=1",
					"$(inherited)",
				);
				GCC_WARN_64_TO_32_BIT_CONVERSION = YES;
				GCC_WARN_ABOUT_RETURN_TYPE = YES_ERROR;
				GCC_WARN_UNDECLARED_SELECTOR = YES;
				GCC_WARN_UNINITIALIZED_AUTOS = YES_AGGRESSIVE;
				GCC_WARN_UNUSED_FUNCTION = YES;
				GCC_WARN_UNUSED_VARIABLE = YES;
				IPHONEOS_DEPLOYMENT_TARGET = 13.7;
				MTL_ENABLE_DEBUG_INFO = INCLUDE_SOURCE;
				MTL_FAST_MATH = YES;
				ONLY_ACTIVE_ARCH = YES;
				SDKROOT = iphoneos;
				SWIFT_ACTIVE_COMPILATION_CONDITIONS = DEBUG;
				SWIFT_OPTIMIZATION_LEVEL = "-Onone";
			};
			name = Debug;
		};
		630E6D582510B3CD00D08E34 /* Release */ = {
			isa = XCBuildConfiguration;
			buildSettings = {
				ALWAYS_SEARCH_USER_PATHS = NO;
				CLANG_ANALYZER_NONNULL = YES;
				CLANG_ANALYZER_NUMBER_OBJECT_CONVERSION = YES_AGGRESSIVE;
				CLANG_CXX_LANGUAGE_STANDARD = "gnu++14";
				CLANG_CXX_LIBRARY = "libc++";
				CLANG_ENABLE_MODULES = YES;
				CLANG_ENABLE_OBJC_ARC = YES;
				CLANG_ENABLE_OBJC_WEAK = YES;
				CLANG_WARN_BLOCK_CAPTURE_AUTORELEASING = YES;
				CLANG_WARN_BOOL_CONVERSION = YES;
				CLANG_WARN_COMMA = YES;
				CLANG_WARN_CONSTANT_CONVERSION = YES;
				CLANG_WARN_DEPRECATED_OBJC_IMPLEMENTATIONS = YES;
				CLANG_WARN_DIRECT_OBJC_ISA_USAGE = YES_ERROR;
				CLANG_WARN_DOCUMENTATION_COMMENTS = YES;
				CLANG_WARN_EMPTY_BODY = YES;
				CLANG_WARN_ENUM_CONVERSION = YES;
				CLANG_WARN_INFINITE_RECURSION = YES;
				CLANG_WARN_INT_CONVERSION = YES;
				CLANG_WARN_NON_LITERAL_NULL_CONVERSION = YES;
				CLANG_WARN_OBJC_IMPLICIT_RETAIN_SELF = YES;
				CLANG_WARN_OBJC_LITERAL_CONVERSION = YES;
				CLANG_WARN_OBJC_ROOT_CLASS = YES_ERROR;
				CLANG_WARN_RANGE_LOOP_ANALYSIS = YES;
				CLANG_WARN_STRICT_PROTOTYPES = YES;
				CLANG_WARN_SUSPICIOUS_MOVE = YES;
				CLANG_WARN_UNGUARDED_AVAILABILITY = YES_AGGRESSIVE;
				CLANG_WARN_UNREACHABLE_CODE = YES;
				CLANG_WARN__DUPLICATE_METHOD_MATCH = YES;
				COPY_PHASE_STRIP = NO;
				DEBUG_INFORMATION_FORMAT = "dwarf-with-dsym";
				ENABLE_NS_ASSERTIONS = NO;
				ENABLE_STRICT_OBJC_MSGSEND = YES;
				GCC_C_LANGUAGE_STANDARD = gnu11;
				GCC_NO_COMMON_BLOCKS = YES;
				GCC_WARN_64_TO_32_BIT_CONVERSION = YES;
				GCC_WARN_ABOUT_RETURN_TYPE = YES_ERROR;
				GCC_WARN_UNDECLARED_SELECTOR = YES;
				GCC_WARN_UNINITIALIZED_AUTOS = YES_AGGRESSIVE;
				GCC_WARN_UNUSED_FUNCTION = YES;
				GCC_WARN_UNUSED_VARIABLE = YES;
				IPHONEOS_DEPLOYMENT_TARGET = 13.7;
				MTL_ENABLE_DEBUG_INFO = NO;
				MTL_FAST_MATH = YES;
				SDKROOT = iphoneos;
				SWIFT_COMPILATION_MODE = wholemodule;
				SWIFT_OPTIMIZATION_LEVEL = "-O";
				VALIDATE_PRODUCT = YES;
			};
			name = Release;
		};
		630E6D5A2510B3CD00D08E34 /* Debug */ = {
			isa = XCBuildConfiguration;
			buildSettings = {
				ASSETCATALOG_COMPILER_APPICON_NAME = AppIcon;
				CODE_SIGN_STYLE = Automatic;
				INFOPLIST_FILE = ituDareGame/Info.plist;
				LD_RUNPATH_SEARCH_PATHS = (
					"$(inherited)",
					"@executable_path/Frameworks",
				);
				PRODUCT_BUNDLE_IDENTIFIER = com.maya.ituDareGame;
				PRODUCT_NAME = "$(TARGET_NAME)";
				SWIFT_VERSION = 5.0;
				TARGETED_DEVICE_FAMILY = "1,2";
			};
			name = Debug;
		};
		630E6D5B2510B3CD00D08E34 /* Release */ = {
			isa = XCBuildConfiguration;
			buildSettings = {
				ASSETCATALOG_COMPILER_APPICON_NAME = AppIcon;
				CODE_SIGN_STYLE = Automatic;
				INFOPLIST_FILE = ituDareGame/Info.plist;
				LD_RUNPATH_SEARCH_PATHS = (
					"$(inherited)",
					"@executable_path/Frameworks",
				);
				PRODUCT_BUNDLE_IDENTIFIER = com.maya.ituDareGame;
				PRODUCT_NAME = "$(TARGET_NAME)";
				SWIFT_VERSION = 5.0;
				TARGETED_DEVICE_FAMILY = "1,2";
			};
			name = Release;
		};
/* End XCBuildConfiguration section */

/* Begin XCConfigurationList section */
		630E6D402510B3CB00D08E34 /* Build configuration list for PBXProject "ituDareGame" */ = {
			isa = XCConfigurationList;
			buildConfigurations = (
				630E6D572510B3CD00D08E34 /* Debug */,
				630E6D582510B3CD00D08E34 /* Release */,
			);
			defaultConfigurationIsVisible = 0;
			defaultConfigurationName = Release;
		};
		630E6D592510B3CD00D08E34 /* Build configuration list for PBXNativeTarget "ituDareGame" */ = {
			isa = XCConfigurationList;
			buildConfigurations = (
				630E6D5A2510B3CD00D08E34 /* Debug */,
				630E6D5B2510B3CD00D08E34 /* Release */,
			);
			defaultConfigurationIsVisible = 0;
			defaultConfigurationName = Release;
		};
/* End XCConfigurationList section */
	};
	rootObject = 630E6D3D2510B3CB00D08E34 /* Project object */;
}
